
Microsoft Visual Studio Solution File, Format Version 12.00
# Visual Studio 2013
VisualStudioVersion = 12.0.21005.1
MinimumVisualStudioVersion = 10.0.40219.1
Project("{FAE04EC0-301F-11D3-BF4B-00C04F79EFBC}") = "Text_games_input_parser_library", "Text_games_input_parser_library\Text_games_input_parser_library.csproj", "{E85B3EF5-DEA9-4785-92E4-AC3780EFA7FF}"
EndProject
Project("{FAE04EC0-301F-11D3-BF4B-00C04F79EFBC}") = "ConsoleTestsOfLibrary", "ConsoleTestsOfLibrary\ConsoleTestsOfLibrary.csproj", "{E9AF7617-E5FD-401C-BAEF-9B318797B431}"
EndProject
Project("{FAE04EC0-301F-11D3-BF4B-00C04F79EFBC}") = "Text_games_input_parser_libraryTests", "Text_games_input_parser_libraryTests\Text_games_input_parser_libraryTests.csproj", "{47B77232-2B43-4DB4-9F87-F2DA4E74B4D9}"
EndProject
Global
	GlobalSection(SolutionConfigurationPlatforms) = preSolution
		Debug|Any CPU = Debug|Any CPU
		Release|Any CPU = Release|Any CPU
	EndGlobalSection
	GlobalSection(ProjectConfigurationPlatforms) = postSolution
		{E85B3EF5-DEA9-4785-92E4-AC3780EFA7FF}.Debug|Any CPU.ActiveCfg = Debug|Any CPU
		{E85B3EF5-DEA9-4785-92E4-AC3780EFA7FF}.Debug|Any CPU.Build.0 = Debug|Any CPU
		{E85B3EF5-DEA9-4785-92E4-AC3780EFA7FF}.Release|Any CPU.ActiveCfg = Release|Any CPU
		{E85B3EF5-DEA9-4785-92E4-AC3780EFA7FF}.Release|Any CPU.Build.0 = Release|Any CPU
		{E9AF7617-E5FD-401C-BAEF-9B318797B431}.Debug|Any CPU.ActiveCfg = Debug|Any CPU
		{E9AF7617-E5FD-401C-BAEF-9B318797B431}.Debug|Any CPU.Build.0 = Debug|Any CPU
		{E9AF7617-E5FD-401C-BAEF-9B318797B431}.Release|Any CPU.ActiveCfg = Release|Any CPU
		{E9AF7617-E5FD-401C-BAEF-9B318797B431}.Release|Any CPU.Build.0 = Release|Any CPU
		{47B77232-2B43-4DB4-9F87-F2DA4E74B4D9}.Debug|Any CPU.ActiveCfg = Debug|Any CPU
		{47B77232-2B43-4DB4-9F87-F2DA4E74B4D9}.Debug|Any CPU.Build.0 = Debug|Any CPU
		{47B77232-2B43-4DB4-9F87-F2DA4E74B4D9}.Release|Any CPU.ActiveCfg = Release|Any CPU
		{47B77232-2B43-4DB4-9F87-F2DA4E74B4D9}.Release|Any CPU.Build.0 = Release|Any CPU
	EndGlobalSection
	GlobalSection(SolutionProperties) = preSolution
		HideSolutionNode = FALSE
	EndGlobalSection
EndGlobal
